Microsoft Visual Studio Solution File, Format Version 12.00
# Visual Studio Version 18
VisualStudioVersion = 18.5.11716.220 stable
MinimumVisualStudioVersion = 10.0.40219.1
Project("{FAE04EC0-301F-11D3-BF4B-00C04F79EFBC}") = "SoftwareAccounting", "SoftwareAccounting\SoftwareAccounting.csproj", "{E3D4BCFD-BCB3-B80F-AF72-A134C3F41783}"
EndProject
Project("{2150E333-8FDC-42A3-9474-1A3956D46DE8}") = "description", "description", "{7D63D15E-4219-472B-9B9F-DEDCB44C131A}"
EndProject
Global
	GlobalSection(SolutionConfigurationPlatforms) = preSolution
		Debug|Any CPU = Debug|Any CPU
		Release|Any CPU = Release|Any CPU
	EndGlobalSection
	GlobalSection(ProjectConfigurationPlatforms) = postSolution
		{E3D4BCFD-BCB3-B80F-AF72-A134C3F41783}.Debug|Any CPU.ActiveCfg = Debug|Any CPU
		{E3D4BCFD-BCB3-B80F-AF72-A134C3F41783}.Debug|Any CPU.Build.0 = Debug|Any CPU
		{E3D4BCFD-BCB3-B80F-AF72-A134C3F41783}.Release|Any CPU.ActiveCfg = Release|Any CPU
		{E3D4BCFD-BCB3-B80F-AF72-A134C3F41783}.Release|Any CPU.Build.0 = Release|Any CPU
	EndGlobalSection
	GlobalSection(SolutionProperties) = preSolution
		HideSolutionNode = FALSE
	EndGlobalSection
	GlobalSection(ExtensibilityGlobals) = postSolution
		SolutionGuid = {59B77401-2852-4964-9DD3-B757F3D9325A}
	EndGlobalSection
EndGlobal
